// !$*UTF8*$!
{
	archiveVersion = 1;
	classes = {
	};
	objectVersion = 60;
	objects = {

/* Begin PBXBuildFile section */
		408BFE1A28C0A1B900000050 /* WhisperApp.swift in Sources */ = {isa = PBXBuildFile; fileRef = 408BFE1A28C0A1B900000020 /* WhisperApp.swift */; };
		408BFE1A28C0A1B900000051 /* ContentView.swift in Sources */ = {isa = PBXBuildFile; fileRef = 408BFE1A28C0A1B900000021 /* ContentView.swift */; };
		408BFE1A28C0A1B900000052 /* AudioRecorderService.swift in Sources */ = {isa = PBXBuildFile; fileRef = 408BFE1A28C0A1B900000022 /* AudioRecorderService.swift */; };
		408BFE1A28C0A1B900000053 /* HistoryService.swift in Sources */ = {isa = PBXBuildFile; fileRef = 408BFE1A28C0A1B900000023 /* HistoryService.swift */; };
		408BFE1A28C0A1B900000054 /* RecordingView.swift in Sources */ = {isa = PBXBuildFile; fileRef = 408BFE1A28C0A1B900000024 /* RecordingView.swift */; };
		408BFE1A28C0A1B900000055 /* HistoryView.swift in Sources */ = {isa = PBXBuildFile; fileRef = 408BFE1A28C0A1B900000025 /* HistoryView.swift */; };
		408BFE1A28C0A1B900000056 /* OnboardingView.swift in Sources */ = {isa = PBXBuildFile; fileRef = 408BFE1A28C0A1B900000026 /* OnboardingView.swift */; };
		408BFE1A28C0A1B900000057 /* SettingsView.swift in Sources */ = {isa = PBXBuildFile; fileRef = 408BFE1A28C0A1B900000027 /* SettingsView.swift */; };
		408BFE1A28C0A1B900000058 /* SharedKit in Frameworks */ = {isa = PBXBuildFile; productRef = 408BFE1A28C0A1B9000000C1 /* SharedKit */; };
		408BFE1A28C0A1B900000060 /* KeyboardViewController.swift in Sources */ = {isa = PBXBuildFile; fileRef = 408BFE1A28C0A1B900000030 /* KeyboardViewController.swift */; };
		408BFE1A28C0A1B900000061 /* KeyboardViewModel.swift in Sources */ = {isa = PBXBuildFile; fileRef = 408BFE1A28C0A1B900000031 /* KeyboardViewModel.swift */; };
		408BFE1A28C0A1B900000062 /* SharedKit in Frameworks */ = {isa = PBXBuildFile; productRef = 408BFE1A28C0A1B9000000C2 /* SharedKit */; };
		408BFE1A28C0A1B900000063 /* WhisperKeyboard.appex in Embed App Extensions */ = {isa = PBXBuildFile; fileRef = 408BFE1A28C0A1B900000041 /* WhisperKeyboard.appex */; settings = {ATTRIBUTES = (RemoveHeadersOnCopy, ); }; };
/* End PBXBuildFile section */

/* Begin PBXContainerItemProxy section */
		408BFE1A28C0A1B9000000B0 /* PBXContainerItemProxy */ = {
			isa = PBXContainerItemProxy;
			containerPortal = 408BFE1A28C0A1B900000001 /* Project object */;
			proxyType = 1;
			remoteGlobalIDString = 408BFE1A28C0A1B900000071;
			remoteInfo = WhisperKeyboard;
		};
/* End PBXContainerItemProxy section */

/* Begin PBXCopyFilesBuildPhase section */
		408BFE1A28C0A1B900000086 /* Embed App Extensions */ = {
			isa = PBXCopyFilesBuildPhase;
			buildActionMask = 2147483647;
			dstPath = "";
			dstSubfolderSpec = 13;
			files = (
				408BFE1A28C0A1B900000063 /* WhisperKeyboard.appex in Embed App Extensions */,
			);
			name = "Embed App Extensions";
			runOnlyForDeploymentPostprocessing = 0;
		};
/* End PBXCopyFilesBuildPhase section */

/* Begin PBXFileReference section */
		408BFE1A28C0A1B900000020 /* WhisperApp.swift */ = {isa = PBXFileReference; lastKnownFileType = sourcecode.swift; path = WhisperApp.swift; sourceTree = "<group>"; };
		408BFE1A28C0A1B900000021 /* ContentView.swift */ = {isa = PBXFileReference; lastKnownFileType = sourcecode.swift; path = ContentView.swift; sourceTree = "<group>"; };
		408BFE1A28C0A1B900000022 /* AudioRecorderService.swift */ = {isa = PBXFileReference; lastKnownFileType = sourcecode.swift; path = AudioRecorderService.swift; sourceTree = "<group>"; };
		408BFE1A28C0A1B900000023 /* HistoryService.swift */ = {isa = PBXFileReference; lastKnownFileType = sourcecode.swift; path = HistoryService.swift; sourceTree = "<group>"; };
		408BFE1A28C0A1B900000024 /* RecordingView.swift */ = {isa = PBXFileReference; lastKnownFileType = sourcecode.swift; path = RecordingView.swift; sourceTree = "<group>"; };
		408BFE1A28C0A1B900000025 /* HistoryView.swift */ = {isa = PBXFileReference; lastKnownFileType = sourcecode.swift; path = HistoryView.swift; sourceTree = "<group>"; };
		408BFE1A28C0A1B900000026 /* OnboardingView.swift */ = {isa = PBXFileReference; lastKnownFileType = sourcecode.swift; path = OnboardingView.swift; sourceTree = "<group>"; };
		408BFE1A28C0A1B900000027 /* SettingsView.swift */ = {isa = PBXFileReference; lastKnownFileType = sourcecode.swift; path = SettingsView.swift; sourceTree = "<group>"; };
		408BFE1A28C0A1B900000028 /* Info.plist */ = {isa = PBXFileReference; lastKnownFileType = text.plist.xml; path = Info.plist; sourceTree = "<group>"; };
		408BFE1A28C0A1B900000029 /* WhisperApp.entitlements */ = {isa = PBXFileReference; lastKnownFileType = text.plist.entitlements; path = WhisperApp.entitlements; sourceTree = "<group>"; };
		408BFE1A28C0A1B900000030 /* KeyboardViewController.swift */ = {isa = PBXFileReference; lastKnownFileType = sourcecode.swift; path = KeyboardViewController.swift; sourceTree = "<group>"; };
		408BFE1A28C0A1B900000031 /* KeyboardViewModel.swift */ = {isa = PBXFileReference; lastKnownFileType = sourcecode.swift; path = KeyboardViewModel.swift; sourceTree = "<group>"; };
		408BFE1A28C0A1B900000032 /* Info.plist */ = {isa = PBXFileReference; lastKnownFileType = text.plist.xml; path = Info.plist; sourceTree = "<group>"; };
		408BFE1A28C0A1B900000033 /* WhisperKeyboard.entitlements */ = {isa = PBXFileReference; lastKnownFileType = text.plist.entitlements; path = WhisperKeyboard.entitlements; sourceTree = "<group>"; };
		408BFE1A28C0A1B900000040 /* WhisperApp.app */ = {isa = PBXFileReference; explicitFileType = wrapper.application; includeInIndex = 0; path = WhisperApp.app; sourceTree = BUILT_PRODUCTS_DIR; };
		408BFE1A28C0A1B900000041 /* WhisperKeyboard.appex */ = {isa = PBXFileReference; explicitFileType = "wrapper.app-extension"; includeInIndex = 0; path = WhisperKeyboard.appex; sourceTree = BUILT_PRODUCTS_DIR; };
/* End PBXFileReference section */

/* Begin PBXFrameworksBuildPhase section */
		408BFE1A28C0A1B900000082 /* Frameworks */ = {
			isa = PBXFrameworksBuildPhase;
			buildActionMask = 2147483647;
			files = (
				408BFE1A28C0A1B900000058 /* SharedKit in Frameworks */,
			);
			runOnlyForDeploymentPostprocessing = 0;
		};
		408BFE1A28C0A1B900000083 /* Frameworks */ = {
			isa = PBXFrameworksBuildPhase;
			buildActionMask = 2147483647;
			files = (
				408BFE1A28C0A1B900000062 /* SharedKit in Frameworks */,
			);
			runOnlyForDeploymentPostprocessing = 0;
		};
/* End PBXFrameworksBuildPhase section */

/* Begin PBXGroup section */
		408BFE1A28C0A1B900000010 /* root */ = {
			isa = PBXGroup;
			children = (
				408BFE1A28C0A1B900000011 /* WhisperApp */,
				408BFE1A28C0A1B900000014 /* WhisperKeyboard */,
				408BFE1A28C0A1B900000015 /* Products */,
				408BFE1A28C0A1B900000016 /* Frameworks */,
			);
			sourceTree = "<group>";
		};
		408BFE1A28C0A1B900000011 /* WhisperApp */ = {
			isa = PBXGroup;
			children = (
				408BFE1A28C0A1B900000020 /* WhisperApp.swift */,
				408BFE1A28C0A1B900000021 /* ContentView.swift */,
				408BFE1A28C0A1B900000012 /* Services */,
				408BFE1A28C0A1B900000013 /* Views */,
				408BFE1A28C0A1B900000028 /* Info.plist */,
				408BFE1A28C0A1B900000029 /* WhisperApp.entitlements */,
			);
			path = WhisperApp;
			sourceTree = "<group>";
		};
		408BFE1A28C0A1B900000012 /* Services */ = {
			isa = PBXGroup;
			children = (
				408BFE1A28C0A1B900000022 /* AudioRecorderService.swift */,
				408BFE1A28C0A1B900000023 /* HistoryService.swift */,
			);
			path = Services;
			sourceTree = "<group>";
		};
		408BFE1A28C0A1B900000013 /* Views */ = {
			isa = PBXGroup;
			children = (
				408BFE1A28C0A1B900000024 /* RecordingView.swift */,
				408BFE1A28C0A1B900000025 /* HistoryView.swift */,
				408BFE1A28C0A1B900000026 /* OnboardingView.swift */,
				408BFE1A28C0A1B900000027 /* SettingsView.swift */,
			);
			path = Views;
			sourceTree = "<group>";
		};
		408BFE1A28C0A1B900000014 /* WhisperKeyboard */ = {
			isa = PBXGroup;
			children = (
				408BFE1A28C0A1B900000030 /* KeyboardViewController.swift */,
				408BFE1A28C0A1B900000031 /* KeyboardViewModel.swift */,
				408BFE1A28C0A1B900000032 /* Info.plist */,
				408BFE1A28C0A1B900000033 /* WhisperKeyboard.entitlements */,
			);
			path = WhisperKeyboard;
			sourceTree = "<group>";
		};
		408BFE1A28C0A1B900000015 /* Products */ = {
			isa = PBXGroup;
			children = (
				408BFE1A28C0A1B900000040 /* WhisperApp.app */,
				408BFE1A28C0A1B900000041 /* WhisperKeyboard.appex */,
			);
			name = Products;
			sourceTree = "<group>";
		};
		408BFE1A28C0A1B900000016 /* Frameworks */ = {
			isa = PBXGroup;
			children = (
			);
			name = Frameworks;
			sourceTree = "<group>";
		};
/* End PBXGroup section */

/* Begin PBXNativeTarget section */
		408BFE1A28C0A1B900000070 /* WhisperApp */ = {
			isa = PBXNativeTarget;
			buildConfigurationList = 408BFE1A28C0A1B9000000A1 /* Build configuration list for PBXNativeTarget "WhisperApp" */;
			buildPhases = (
				408BFE1A28C0A1B900000080 /* Sources */,
				408BFE1A28C0A1B900000082 /* Frameworks */,
				408BFE1A28C0A1B900000084 /* Resources */,
				408BFE1A28C0A1B900000086 /* Embed App Extensions */,
			);
			buildRules = (
			);
			dependencies = (
				408BFE1A28C0A1B9000000B1 /* PBXTargetDependency */,
			);
			name = WhisperApp;
			packageProductDependencies = (
				408BFE1A28C0A1B9000000C1 /* SharedKit */,
			);
			productName = WhisperApp;
			productReference = 408BFE1A28C0A1B900000040 /* WhisperApp.app */;
			productType = "com.apple.product-type.application";
		};
		408BFE1A28C0A1B900000071 /* WhisperKeyboard */ = {
			isa = PBXNativeTarget;
			buildConfigurationList = 408BFE1A28C0A1B9000000A2 /* Build configuration list for PBXNativeTarget "WhisperKeyboard" */;
			buildPhases = (
				408BFE1A28C0A1B900000081 /* Sources */,
				408BFE1A28C0A1B900000083 /* Frameworks */,
				408BFE1A28C0A1B900000085 /* Resources */,
			);
			buildRules = (
			);
			dependencies = (
			);
			name = WhisperKeyboard;
			packageProductDependencies = (
				408BFE1A28C0A1B9000000C2 /* SharedKit */,
			);
			productName = WhisperKeyboard;
			productReference = 408BFE1A28C0A1B900000041 /* WhisperKeyboard.appex */;
			productType = "com.apple.product-type.app-extension";
		};
/* End PBXNativeTarget section */

/* Begin PBXProject section */
		408BFE1A28C0A1B900000001 /* Project object */ = {
			isa = PBXProject;
			attributes = {
				BuildIndependentTargetsInParallel = 1;
				LastSwiftUpdateCheck = 1540;
				LastUpgradeCheck = 1540;
				TargetAttributes = {
					408BFE1A28C0A1B900000070 = {
						CreatedOnToolsVersion = 15.4;
					};
					408BFE1A28C0A1B900000071 = {
						CreatedOnToolsVersion = 15.4;
					};
				};
			};
			buildConfigurationList = 408BFE1A28C0A1B9000000A0 /* Build configuration list for PBXProject "WhisperApp" */;
			compatibilityVersion = "Xcode 14.0";
			developmentRegion = en;
			hasScannedForEncodings = 0;
			knownRegions = (
				en,
				Base,
			);
			mainGroup = 408BFE1A28C0A1B900000010;
			packageReferences = (
				408BFE1A28C0A1B9000000C0 /* XCLocalSwiftPackageReference "SharedPackage" */,
			);
			productRefGroup = 408BFE1A28C0A1B900000015 /* Products */;
			projectDirPath = "";
			projectRoot = "";
			targets = (
				408BFE1A28C0A1B900000070 /* WhisperApp */,
				408BFE1A28C0A1B900000071 /* WhisperKeyboard */,
			);
		};
/* End PBXProject section */

/* Begin PBXResourcesBuildPhase section */
		408BFE1A28C0A1B900000084 /* Resources */ = {
			isa = PBXResourcesBuildPhase;
			buildActionMask = 2147483647;
			files = (
			);
			runOnlyForDeploymentPostprocessing = 0;
		};
		408BFE1A28C0A1B900000085 /* Resources */ = {
			isa = PBXResourcesBuildPhase;
			buildActionMask = 2147483647;
			files = (
			);
			runOnlyForDeploymentPostprocessing = 0;
		};
/* End PBXResourcesBuildPhase section */

/* Begin PBXSourcesBuildPhase section */
		408BFE1A28C0A1B900000080 /* Sources */ = {
			isa = PBXSourcesBuildPhase;
			buildActionMask = 2147483647;
			files = (
				408BFE1A28C0A1B900000050 /* WhisperApp.swift in Sources */,
				408BFE1A28C0A1B900000051 /* ContentView.swift in Sources */,
				408BFE1A28C0A1B900000052 /* AudioRecorderService.swift in Sources */,
				408BFE1A28C0A1B900000053 /* HistoryService.swift in Sources */,
				408BFE1A28C0A1B900000054 /* RecordingView.swift in Sources */,
				408BFE1A28C0A1B900000055 /* HistoryView.swift in Sources */,
				408BFE1A28C0A1B900000056 /* OnboardingView.swift in Sources */,
				408BFE1A28C0A1B900000057 /* SettingsView.swift in Sources */,
			);
			runOnlyForDeploymentPostprocessing = 0;
		};
		408BFE1A28C0A1B900000081 /* Sources */ = {
			isa = PBXSourcesBuildPhase;
			buildActionMask = 2147483647;
			files = (
				408BFE1A28C0A1B900000060 /* KeyboardViewController.swift in Sources */,
				408BFE1A28C0A1B900000061 /* KeyboardViewModel.swift in Sources */,
			);
			runOnlyForDeploymentPostprocessing = 0;
		};
/* End PBXSourcesBuildPhase section */

/* Begin PBXTargetDependency section */
		408BFE1A28C0A1B9000000B1 /* PBXTargetDependency */ = {
			isa = PBXTargetDependency;
			target = 408BFE1A28C0A1B900000071 /* WhisperKeyboard */;
			targetProxy = 408BFE1A28C0A1B9000000B0 /* PBXContainerItemProxy */;
		};
/* End PBXTargetDependency section */

/* Begin XCBuildConfiguration section */
		408BFE1A28C0A1B900000090 /* Debug */ = {
			isa = XCBuildConfiguration;
			buildSettings = {
				ALWAYS_SEARCH_USER_PATHS = NO;
				ASSETCATALOG_COMPILER_GENERATE_SWIFT_ASSET_SYMBOL_EXTENSIONS = YES;
				CLANG_ANALYZER_NONNULL = YES;
				CLANG_ANALYZER_NUMBER_OBJECT_CONVERSION = YES_AGGRESSIVE;
				CLANG_CXX_LANGUAGE_STANDARD = "gnu++20";
				CLANG_ENABLE_MODULES = YES;
				CLANG_ENABLE_OBJC_ARC = YES;
				CLANG_ENABLE_OBJC_WEAK = YES;
				CLANG_WARN_BLOCK_CAPTURE_AUTORELEASING = YES;
				CLANG_WARN_BOOL_CONVERSION = YES;
				CLANG_WARN_COMMA = YES;
				CLANG_WARN_CONSTANT_CONVERSION = YES;
				CLANG_WARN_DEPRECATED_OBJC_IMPLEMENTATIONS = YES;
				CLANG_WARN_DIRECT_OBJC_ISA_USAGE = YES_ERROR;
				CLANG_WARN_DOCUMENTATION_COMMENTS = YES;
				CLANG_WARN_EMPTY_BODY = YES;
				CLANG_WARN_ENUM_CONVERSION = YES;
				CLANG_WARN_INFINITE_RECURSION = YES;
				CLANG_WARN_INT_CONVERSION = YES;
				CLANG_WARN_NON_LITERAL_NULL_CONVERSION = YES;
				CLANG_WARN_OBJC_IMPLICIT_RETAIN_SELF = YES;
				CLANG_WARN_OBJC_LITERAL_CONVERSION = YES;
				CLANG_WARN_OBJC_ROOT_CLASS = YES_ERROR;
				CLANG_WARN_QUOTED_INCLUDE_IN_FRAMEWORK_HEADER = YES;
				CLANG_WARN_RANGE_LOOP_ANALYSIS = YES;
				CLANG_WARN_STRICT_PROTOTYPES = YES;
				CLANG_WARN_SUSPICIOUS_MOVE = YES;
				CLANG_WARN_UNGUARDED_AVAILABILITY = YES_AGGRESSIVE;
				CLANG_WARN_UNREACHABLE_CODE = YES;
				CLANG_WARN__DUPLICATE_METHOD_MATCH = YES;
				COPY_PHASE_STRIP = NO;
				DEBUG_INFORMATION_FORMAT = dwarf;
				ENABLE_STRICT_OBJC_MSGSEND = YES;
				ENABLE_TESTABILITY = YES;
				ENABLE_USER_SCRIPT_SANDBOXING = YES;
				GCC_C_LANGUAGE_STANDARD = gnu17;
				GCC_DYNAMIC_NO_PIC = NO;
				GCC_NO_COMMON_BLOCKS = YES;
				GCC_OPTIMIZATION_LEVEL = 0;
				GCC_PREPROCESSOR_DEFINITIONS = (
					"DEBUG=1",
					"$(inherited)",
				);
				GCC_WARN_64_TO_32_BIT_CONVERSION = YES;
				GCC_WARN_ABOUT_RETURN_TYPE = YES_ERROR;
				GCC_WARN_UNDECLARED_SELECTOR = YES;
				GCC_WARN_UNINITIALIZED_AUTOS = YES_AGGRESSIVE;
				GCC_WARN_UNUSED_FUNCTION = YES;
				GCC_WARN_UNUSED_VARIABLE = YES;
				IPHONEOS_DEPLOYMENT_TARGET = 17.0;
				LOCALIZATION_PREFERS_STRING_CATALOGS = YES;
				MTL_ENABLE_DEBUG_INFO = INCLUDE_SOURCE;
				MTL_FAST_MATH = YES;
				ONLY_ACTIVE_ARCH = YES;
				SDKROOT = iphoneos;
				SWIFT_ACTIVE_COMPILATION_CONDITIONS = "$(inherited) DEBUG";
				SWIFT_OPTIMIZATION_LEVEL = "-Onone";
			};
			name = Debug;
		};
		408BFE1A28C0A1B900000091 /* Release */ = {
			isa = XCBuildConfiguration;
			buildSettings = {
				ALWAYS_SEARCH_USER_PATHS = NO;
				ASSETCATALOG_COMPILER_GENERATE_SWIFT_ASSET_SYMBOL_EXTENSIONS = YES;
				CLANG_ANALYZER_NONNULL = YES;
				CLANG_ANALYZER_NUMBER_OBJECT_CONVERSION = YES_AGGRESSIVE;
				CLANG_CXX_LANGUAGE_STANDARD = "gnu++20";
				CLANG_ENABLE_MODULES = YES;
				CLANG_ENABLE_OBJC_ARC = YES;
				CLANG_ENABLE_OBJC_WEAK = YES;
				CLANG_WARN_BLOCK_CAPTURE_AUTORELEASING = YES;
				CLANG_WARN_BOOL_CONVERSION = YES;
				CLANG_WARN_COMMA = YES;
				CLANG_WARN_CONSTANT_CONVERSION = YES;
				CLANG_WARN_DEPRECATED_OBJC_IMPLEMENTATIONS = YES;
				CLANG_WARN_DIRECT_OBJC_ISA_USAGE = YES_ERROR;
				CLANG_WARN_DOCUMENTATION_COMMENTS = YES;
				CLANG_WARN_EMPTY_BODY = YES;
				CLANG_WARN_ENUM_CONVERSION = YES;
				CLANG_WARN_INFINITE_RECURSION = YES;
				CLANG_WARN_INT_CONVERSION = YES;
				CLANG_WARN_NON_LITERAL_NULL_CONVERSION = YES;
				CLANG_WARN_OBJC_IMPLICIT_RETAIN_SELF = YES;
				CLANG_WARN_OBJC_LITERAL_CONVERSION = YES;
				CLANG_WARN_OBJC_ROOT_CLASS = YES_ERROR;
				CLANG_WARN_QUOTED_INCLUDE_IN_FRAMEWORK_HEADER = YES;
				CLANG_WARN_RANGE_LOOP_ANALYSIS = YES;
				CLANG_WARN_STRICT_PROTOTYPES = YES;
				CLANG_WARN_SUSPICIOUS_MOVE = YES;
				CLANG_WARN_UNGUARDED_AVAILABILITY = YES_AGGRESSIVE;
				CLANG_WARN_UNREACHABLE_CODE = YES;
				CLANG_WARN__DUPLICATE_METHOD_MATCH = YES;
				COPY_PHASE_STRIP = NO;
				DEBUG_INFORMATION_FORMAT = "dwarf-with-dsym";
				ENABLE_NS_ASSERTIONS = NO;
				ENABLE_STRICT_OBJC_MSGSEND = YES;
				ENABLE_USER_SCRIPT_SANDBOXING = YES;
				GCC_C_LANGUAGE_STANDARD = gnu17;
				GCC_NO_COMMON_BLOCKS = YES;
				GCC_WARN_64_TO_32_BIT_CONVERSION = YES;
				GCC_WARN_ABOUT_RETURN_TYPE = YES_ERROR;
				GCC_WARN_UNDECLARED_SELECTOR = YES;
				GCC_WARN_UNINITIALIZED_AUTOS = YES_AGGRESSIVE;
				GCC_WARN_UNUSED_FUNCTION = YES;
				GCC_WARN_UNUSED_VARIABLE = YES;
				IPHONEOS_DEPLOYMENT_TARGET = 17.0;
				LOCALIZATION_PREFERS_STRING_CATALOGS = YES;
				MTL_ENABLE_DEBUG_INFO = NO;
				MTL_FAST_MATH = YES;
				SDKROOT = iphoneos;
				SWIFT_COMPILATION_MODE = wholemodule;
				VALIDATE_PRODUCT = YES;
			};
			name = Release;
		};
		408BFE1A28C0A1B900000092 /* Debug */ = {
			isa = XCBuildConfiguration;
			buildSettings = {
				ALWAYS_EMBED_SWIFT_STANDARD_LIBRARIES = YES;
				ASSETCATALOG_COMPILER_APPICON_NAME = AppIcon;
				CODE_SIGN_ENTITLEMENTS = WhisperApp/WhisperApp.entitlements;
				CODE_SIGN_STYLE = Automatic;
				CURRENT_PROJECT_VERSION = 1;
				GENERATE_INFOPLIST_FILE = NO;
				INFOPLIST_FILE = WhisperApp/Info.plist;
				INFOPLIST_KEY_CFBundleDisplayName = "Whisper App";
				INFOPLIST_KEY_UIApplicationSupportsIndirectInputEvents = YES;
				INFOPLIST_KEY_UILaunchScreen_Generation = YES;
				INFOPLIST_KEY_UISupportedInterfaceOrientations = UIInterfaceOrientationPortrait;
				LD_RUNPATH_SEARCH_PATHS = (
					"$(inherited)",
					"@executable_path/Frameworks",
				);
				MARKETING_VERSION = 1.0;
				PRODUCT_BUNDLE_IDENTIFIER = com.whisperapp.app;
				PRODUCT_NAME = "$(TARGET_NAME)";
				SWIFT_EMIT_LOC_STRINGS = YES;
				SWIFT_VERSION = 5.0;
				TARGETED_DEVICE_FAMILY = "1";
			};
			name = Debug;
		};
		408BFE1A28C0A1B900000093 /* Release */ = {
			isa = XCBuildConfiguration;
			buildSettings = {
				ALWAYS_EMBED_SWIFT_STANDARD_LIBRARIES = YES;
				ASSETCATALOG_COMPILER_APPICON_NAME = AppIcon;
				CODE_SIGN_ENTITLEMENTS = WhisperApp/WhisperApp.entitlements;
				CODE_SIGN_STYLE = Automatic;
				CURRENT_PROJECT_VERSION = 1;
				GENERATE_INFOPLIST_FILE = NO;
				INFOPLIST_FILE = WhisperApp/Info.plist;
				INFOPLIST_KEY_CFBundleDisplayName = "Whisper App";
				INFOPLIST_KEY_UIApplicationSupportsIndirectInputEvents = YES;
				INFOPLIST_KEY_UILaunchScreen_Generation = YES;
				INFOPLIST_KEY_UISupportedInterfaceOrientations = UIInterfaceOrientationPortrait;
				LD_RUNPATH_SEARCH_PATHS = (
					"$(inherited)",
					"@executable_path/Frameworks",
				);
				MARKETING_VERSION = 1.0;
				PRODUCT_BUNDLE_IDENTIFIER = com.whisperapp.app;
				PRODUCT_NAME = "$(TARGET_NAME)";
				SWIFT_EMIT_LOC_STRINGS = YES;
				SWIFT_VERSION = 5.0;
				TARGETED_DEVICE_FAMILY = "1";
			};
			name = Release;
		};
		408BFE1A28C0A1B900000094 /* Debug */ = {
			isa = XCBuildConfiguration;
			buildSettings = {
				CODE_SIGN_ENTITLEMENTS = WhisperKeyboard/WhisperKeyboard.entitlements;
				CODE_SIGN_STYLE = Automatic;
				CURRENT_PROJECT_VERSION = 1;
				GENERATE_INFOPLIST_FILE = NO;
				INFOPLIST_FILE = WhisperKeyboard/Info.plist;
				INFOPLIST_KEY_CFBundleDisplayName = "Whisper Keyboard";
				INFOPLIST_KEY_NSExtension = "";
				LD_RUNPATH_SEARCH_PATHS = (
					"$(inherited)",
					"@executable_path/Frameworks",
					"@executable_path/../../Frameworks",
				);
				MARKETING_VERSION = 1.0;
				PRODUCT_BUNDLE_IDENTIFIER = com.whisperapp.app.keyboard;
				PRODUCT_NAME = "$(TARGET_NAME)";
				SKIP_INSTALL = YES;
				SWIFT_EMIT_LOC_STRINGS = YES;
				SWIFT_VERSION = 5.0;
				TARGETED_DEVICE_FAMILY = "1";
			};
			name = Debug;
		};
		408BFE1A28C0A1B900000095 /* Release */ = {
			isa = XCBuildConfiguration;
			buildSettings = {
				CODE_SIGN_ENTITLEMENTS = WhisperKeyboard/WhisperKeyboard.entitlements;
				CODE_SIGN_STYLE = Automatic;
				CURRENT_PROJECT_VERSION = 1;
				GENERATE_INFOPLIST_FILE = NO;
				INFOPLIST_FILE = WhisperKeyboard/Info.plist;
				INFOPLIST_KEY_CFBundleDisplayName = "Whisper Keyboard";
				INFOPLIST_KEY_NSExtension = "";
				LD_RUNPATH_SEARCH_PATHS = (
					"$(inherited)",
					"@executable_path/Frameworks",
					"@executable_path/../../Frameworks",
				);
				MARKETING_VERSION = 1.0;
				PRODUCT_BUNDLE_IDENTIFIER = com.whisperapp.app.keyboard;
				PRODUCT_NAME = "$(TARGET_NAME)";
				SKIP_INSTALL = YES;
				SWIFT_EMIT_LOC_STRINGS = YES;
				SWIFT_VERSION = 5.0;
				TARGETED_DEVICE_FAMILY = "1";
			};
			name = Release;
		};
/* End XCBuildConfiguration section */

/* Begin XCConfigurationList section */
		408BFE1A28C0A1B9000000A0 /* Build configuration list for PBXProject "WhisperApp" */ = {
			isa = XCConfigurationList;
			buildConfigurations = (
				408BFE1A28C0A1B900000090 /* Debug */,
				408BFE1A28C0A1B900000091 /* Release */,
			);
			defaultConfigurationIsVisible = 0;
			defaultConfigurationName = Release;
		};
		408BFE1A28C0A1B9000000A1 /* Build configuration list for PBXNativeTarget "WhisperApp" */ = {
			isa = XCConfigurationList;
			buildConfigurations = (
				408BFE1A28C0A1B900000092 /* Debug */,
				408BFE1A28C0A1B900000093 /* Release */,
			);
			defaultConfigurationIsVisible = 0;
			defaultConfigurationName = Release;
		};
		408BFE1A28C0A1B9000000A2 /* Build configuration list for PBXNativeTarget "WhisperKeyboard" */ = {
			isa = XCConfigurationList;
			buildConfigurations = (
				408BFE1A28C0A1B900000094 /* Debug */,
				408BFE1A28C0A1B900000095 /* Release */,
			);
			defaultConfigurationIsVisible = 0;
			defaultConfigurationName = Release;
		};
/* End XCConfigurationList section */

/* Begin XCLocalSwiftPackageReference section */
		408BFE1A28C0A1B9000000C0 /* XCLocalSwiftPackageReference "SharedPackage" */ = {
			isa = XCLocalSwiftPackageReference;
			relativePath = SharedPackage;
		};
/* End XCLocalSwiftPackageReference section */

/* Begin XCSwiftPackageProductDependency section */
		408BFE1A28C0A1B9000000C1 /* SharedKit */ = {
			isa = XCSwiftPackageProductDependency;
			productName = SharedKit;
		};
		408BFE1A28C0A1B9000000C2 /* SharedKit */ = {
			isa = XCSwiftPackageProductDependency;
			productName = SharedKit;
		};
/* End XCSwiftPackageProductDependency section */
	};
	rootObject = 408BFE1A28C0A1B900000001 /* Project object */;
}
